// !$*UTF8*$!
{
	archiveVersion = 1;
	classes = {
	};
	objectVersion = 50;
	objects = {

/* Begin PBXBuildFile section */
		167BEC4023438E9800035FB9 /* AppDelegate.swift in Sources */ = {isa = PBXBuildFile; fileRef = 167BEC3F23438E9800035FB9 /* AppDelegate.swift */; };
		167BEC4223438E9800035FB9 /* ViewController.swift in Sources */ = {isa = PBXBuildFile; fileRef = 167BEC4123438E9800035FB9 /* ViewController.swift */; };
		167BEC4523438E9800035FB9 /* Main.storyboard in Resources */ = {isa = PBXBuildFile; fileRef = 167BEC4323438E9800035FB9 /* Main.storyboard */; };
		167BEC4723438E9D00035FB9 /* Assets.xcassets in Resources */ = {isa = PBXBuildFile; fileRef = 167BEC4623438E9D00035FB9 /* Assets.xcassets */; };
		167BEC4A23438E9D00035FB9 /* LaunchScreen.storyboard in Resources */ = {isa = PBXBuildFile; fileRef = 167BEC4823438E9D00035FB9 /* LaunchScreen.storyboard */; };
		167BEC5523438E9D00035FB9 /* Lab6Teht1Tests.swift in Sources */ = {isa = PBXBuildFile; fileRef = 167BEC5423438E9D00035FB9 /* Lab6Teht1Tests.swift */; };
		167BEC6023438E9D00035FB9 /* Lab6Teht1UITests.swift in Sources */ = {isa = PBXBuildFile; fileRef = 167BEC5F23438E9D00035FB9 /* Lab6Teht1UITests.swift */; };
		167BEC6E2343924800035FB9 /* StuffGetter.swift in Sources */ = {isa = PBXBuildFile; fileRef = 167BEC6D2343924800035FB9 /* StuffGetter.swift */; };
/* End PBXBuildFile section */

/* Begin PBXContainerItemProxy section */
		167BEC5123438E9D00035FB9 /* PBXContainerItemProxy */ = {
			isa = PBXContainerItemProxy;
			containerPortal = 167BEC3423438E9800035FB9 /* Project object */;
			proxyType = 1;
			remoteGlobalIDString = 167BEC3B23438E9800035FB9;
			remoteInfo = Lab6Teht1;
		};
		167BEC5C23438E9D00035FB9 /* PBXContainerItemProxy */ = {
			isa = PBXContainerItemProxy;
			containerPortal = 167BEC3423438E9800035FB9 /* Project object */;
			proxyType = 1;
			remoteGlobalIDString = 167BEC3B23438E9800035FB9;
			remoteInfo = Lab6Teht1;
		};
/* End PBXContainerItemProxy section */

/* Begin PBXFileReference section */
		167BEC3C23438E9800035FB9 /* Lab6Teht1.app */ = {isa = PBXFileReference; explicitFileType = wrapper.application; includeInIndex = 0; path = Lab6Teht1.app; sourceTree = BUILT_PRODUCTS_DIR; };
		167BEC3F23438E9800035FB9 /* AppDelegate.swift */ = {isa = PBXFileReference; lastKnownFileType = sourcecode.swift; path = AppDelegate.swift; sourceTree = "<group>"; };
		167BEC4123438E9800035FB9 /* ViewController.swift */ = {isa = PBXFileReference; lastKnownFileType = sourcecode.swift; path = ViewController.swift; sourceTree = "<group>"; };
		167BEC4423438E9800035FB9 /* Base */ = {isa = PBXFileReference; lastKnownFileType = file.storyboard; name = Base; path = Base.lproj/Main.storyboard; sourceTree = "<group>"; };
		167BEC4623438E9D00035FB9 /* Assets.xcassets */ = {isa = PBXFileReference; lastKnownFileType = folder.assetcatalog; path = Assets.xcassets; sourceTree = "<group>"; };
		167BEC4923438E9D00035FB9 /* Base */ = {isa = PBXFileReference; lastKnownFileType = file.storyboard; name = Base; path = Base.lproj/LaunchScreen.storyboard; sourceTree = "<group>"; };
		167BEC4B23438E9D00035FB9 /* Info.plist */ = {isa = PBXFileReference; lastKnownFileType = text.plist.xml; path = Info.plist; sourceTree = "<group>"; };
		167BEC5023438E9D00035FB9 /* Lab6Teht1Tests.xctest */ = {isa = PBXFileReference; explicitFileType = wrapper.cfbundle; includeInIndex = 0; path = Lab6Teht1Tests.xctest; sourceTree = BUILT_PRODUCTS_DIR; };
		167BEC5423438E9D00035FB9 /* Lab6Teht1Tests.swift */ = {isa = PBXFileReference; lastKnownFileType = sourcecode.swift; path = Lab6Teht1Tests.swift; sourceTree = "<group>"; };
		167BEC5623438E9D00035FB9 /* Info.plist */ = {isa = PBXFileReference; lastKnownFileType = text.plist.xml; path = Info.plist; sourceTree = "<group>"; };
		167BEC5B23438E9D00035FB9 /* Lab6Teht1UITests.xctest */ = {isa = PBXFileReference; explicitFileType = wrapper.cfbundle; includeInIndex = 0; path = Lab6Teht1UITests.xctest; sourceTree = BUILT_PRODUCTS_DIR; };
		167BEC5F23438E9D00035FB9 /* Lab6Teht1UITests.swift */ = {isa = PBXFileReference; lastKnownFileType = sourcecode.swift; path = Lab6Teht1UITests.swift; sourceTree = "<group>"; };
		167BEC6123438E9D00035FB9 /* Info.plist */ = {isa = PBXFileReference; lastKnownFileType = text.plist.xml; path = Info.plist; sourceTree = "<group>"; };
		167BEC6D2343924800035FB9 /* StuffGetter.swift */ = {isa = PBXFileReference; lastKnownFileType = sourcecode.swift; path = StuffGetter.swift; sourceTree = "<group>"; };
/* End PBXFileReference section */

/* Begin PBXFrameworksBuildPhase section */
		167BEC3923438E9800035FB9 /* Frameworks */ = {
			isa = PBXFrameworksBuildPhase;
			buildActionMask = 2147483647;
			files = (
			);
			runOnlyForDeploymentPostprocessing = 0;
		};
		167BEC4D23438E9D00035FB9 /* Frameworks */ = {
			isa = PBXFrameworksBuildPhase;
			buildActionMask = 2147483647;
			files = (
			);
			runOnlyForDeploymentPostprocessing = 0;
		};
		167BEC5823438E9D00035FB9 /* Frameworks */ = {
			isa = PBXFrameworksBuildPhase;
			buildActionMask = 2147483647;
			files = (
			);
			runOnlyForDeploymentPostprocessing = 0;
		};
/* End PBXFrameworksBuildPhase section */

/* Begin PBXGroup section */
		167BEC3323438E9800035FB9 = {
			isa = PBXGroup;
			children = (
				167BEC3E23438E9800035FB9 /* Lab6Teht1 */,
				167BEC5323438E9D00035FB9 /* Lab6Teht1Tests */,
				167BEC5E23438E9D00035FB9 /* Lab6Teht1UITests */,
				167BEC3D23438E9800035FB9 /* Products */,
			);
			sourceTree = "<group>";
		};
		167BEC3D23438E9800035FB9 /* Products */ = {
			isa = PBXGroup;
			children = (
				167BEC3C23438E9800035FB9 /* Lab6Teht1.app */,
				167BEC5023438E9D00035FB9 /* Lab6Teht1Tests.xctest */,
				167BEC5B23438E9D00035FB9 /* Lab6Teht1UITests.xctest */,
			);
			name = Products;
			sourceTree = "<group>";
		};
		167BEC3E23438E9800035FB9 /* Lab6Teht1 */ = {
			isa = PBXGroup;
			children = (
				167BEC3F23438E9800035FB9 /* AppDelegate.swift */,
				167BEC4123438E9800035FB9 /* ViewController.swift */,
				167BEC4323438E9800035FB9 /* Main.storyboard */,
				167BEC6D2343924800035FB9 /* StuffGetter.swift */,
				167BEC4623438E9D00035FB9 /* Assets.xcassets */,
				167BEC4823438E9D00035FB9 /* LaunchScreen.storyboard */,
				167BEC4B23438E9D00035FB9 /* Info.plist */,
			);
			path = Lab6Teht1;
			sourceTree = "<group>";
		};
		167BEC5323438E9D00035FB9 /* Lab6Teht1Tests */ = {
			isa = PBXGroup;
			children = (
				167BEC5423438E9D00035FB9 /* Lab6Teht1Tests.swift */,
				167BEC5623438E9D00035FB9 /* Info.plist */,
			);
			path = Lab6Teht1Tests;
			sourceTree = "<group>";
		};
		167BEC5E23438E9D00035FB9 /* Lab6Teht1UITests */ = {
			isa = PBXGroup;
			children = (
				167BEC5F23438E9D00035FB9 /* Lab6Teht1UITests.swift */,
				167BEC6123438E9D00035FB9 /* Info.plist */,
			);
			path = Lab6Teht1UITests;
			sourceTree = "<group>";
		};
/* End PBXGroup section */

/* Begin PBXNativeTarget section */
		167BEC3B23438E9800035FB9 /* Lab6Teht1 */ = {
			isa = PBXNativeTarget;
			buildConfigurationList = 167BEC6423438E9D00035FB9 /* Build configuration list for PBXNativeTarget "Lab6Teht1" */;
			buildPhases = (
				167BEC3823438E9800035FB9 /* Sources */,
				167BEC3923438E9800035FB9 /* Frameworks */,
				167BEC3A23438E9800035FB9 /* Resources */,
			);
			buildRules = (
			);
			dependencies = (
			);
			name = Lab6Teht1;
			productName = Lab6Teht1;
			productReference = 167BEC3C23438E9800035FB9 /* Lab6Teht1.app */;
			productType = "com.apple.product-type.application";
		};
		167BEC4F23438E9D00035FB9 /* Lab6Teht1Tests */ = {
			isa = PBXNativeTarget;
			buildConfigurationList = 167BEC6723438E9D00035FB9 /* Build configuration list for PBXNativeTarget "Lab6Teht1Tests" */;
			buildPhases = (
				167BEC4C23438E9D00035FB9 /* Sources */,
				167BEC4D23438E9D00035FB9 /* Frameworks */,
				167BEC4E23438E9D00035FB9 /* Resources */,
			);
			buildRules = (
			);
			dependencies = (
				167BEC5223438E9D00035FB9 /* PBXTargetDependency */,
			);
			name = Lab6Teht1Tests;
			productName = Lab6Teht1Tests;
			productReference = 167BEC5023438E9D00035FB9 /* Lab6Teht1Tests.xctest */;
			productType = "com.apple.product-type.bundle.unit-test";
		};
		167BEC5A23438E9D00035FB9 /* Lab6Teht1UITests */ = {
			isa = PBXNativeTarget;
			buildConfigurationList = 167BEC6A23438E9D00035FB9 /* Build configuration list for PBXNativeTarget "Lab6Teht1UITests" */;
			buildPhases = (
				167BEC5723438E9D00035FB9 /* Sources */,
				167BEC5823438E9D00035FB9 /* Frameworks */,
				167BEC5923438E9D00035FB9 /* Resources */,
			);
			buildRules = (
			);
			dependencies = (
				167BEC5D23438E9D00035FB9 /* PBXTargetDependency */,
			);
			name = Lab6Teht1UITests;
			productName = Lab6Teht1UITests;
			productReference = 167BEC5B23438E9D00035FB9 /* Lab6Teht1UITests.xctest */;
			productType = "com.apple.product-type.bundle.ui-testing";
		};
/* End PBXNativeTarget section */

/* Begin PBXProject section */
		167BEC3423438E9800035FB9 /* Project object */ = {
			isa = PBXProject;
			attributes = {
				LastSwiftUpdateCheck = 1030;
				LastUpgradeCheck = 1030;
				ORGANIZATIONNAME = "Janne Tyni";
				TargetAttributes = {
					167BEC3B23438E9800035FB9 = {
						CreatedOnToolsVersion = 10.3;
					};
					167BEC4F23438E9D00035FB9 = {
						CreatedOnToolsVersion = 10.3;
						TestTargetID = 167BEC3B23438E9800035FB9;
					};
					167BEC5A23438E9D00035FB9 = {
						CreatedOnToolsVersion = 10.3;
						TestTargetID = 167BEC3B23438E9800035FB9;
					};
				};
			};
			buildConfigurationList = 167BEC3723438E9800035FB9 /* Build configuration list for PBXProject "Lab6Teht1" */;
			compatibilityVersion = "Xcode 9.3";
			developmentRegion = en;
			hasScannedForEncodings = 0;
			knownRegions = (
				en,
				Base,
			);
			mainGroup = 167BEC3323438E9800035FB9;
			productRefGroup = 167BEC3D23438E9800035FB9 /* Products */;
			projectDirPath = "";
			projectRoot = "";
			targets = (
				167BEC3B23438E9800035FB9 /* Lab6Teht1 */,
				167BEC4F23438E9D00035FB9 /* Lab6Teht1Tests */,
				167BEC5A23438E9D00035FB9 /* Lab6Teht1UITests */,
			);
		};
/* End PBXProject section */

/* Begin PBXResourcesBuildPhase section */
		167BEC3A23438E9800035FB9 /* Resources */ = {
			isa = PBXResourcesBuildPhase;
			buildActionMask = 2147483647;
			files = (
				167BEC4A23438E9D00035FB9 /* LaunchScreen.storyboard in Resources */,
				167BEC4723438E9D00035FB9 /* Assets.xcassets in Resources */,
				167BEC4523438E9800035FB9 /* Main.storyboard in Resources */,
			);
			runOnlyForDeploymentPostprocessing = 0;
		};
		167BEC4E23438E9D00035FB9 /* Resources */ = {
			isa = PBXResourcesBuildPhase;
			buildActionMask = 2147483647;
			files = (
			);
			runOnlyForDeploymentPostprocessing = 0;
		};
		167BEC5923438E9D00035FB9 /* Resources */ = {
			isa = PBXResourcesBuildPhase;
			buildActionMask = 2147483647;
			files = (
			);
			runOnlyForDeploymentPostprocessing = 0;
		};
/* End PBXResourcesBuildPhase section */

/* Begin PBXSourcesBuildPhase section */
		167BEC3823438E9800035FB9 /* Sources */ = {
			isa = PBXSourcesBuildPhase;
			buildActionMask = 2147483647;
			files = (
				167BEC6E2343924800035FB9 /* StuffGetter.swift in Sources */,
				167BEC4223438E9800035FB9 /* ViewController.swift in Sources */,
				167BEC4023438E9800035FB9 /* AppDelegate.swift in Sources */,
			);
			runOnlyForDeploymentPostprocessing = 0;
		};
		167BEC4C23438E9D00035FB9 /* Sources */ = {
			isa = PBXSourcesBuildPhase;
			buildActionMask = 2147483647;
			files = (
				167BEC5523438E9D00035FB9 /* Lab6Teht1Tests.swift in Sources */,
			);
			runOnlyForDeploymentPostprocessing = 0;
		};
		167BEC5723438E9D00035FB9 /* Sources */ = {
			isa = PBXSourcesBuildPhase;
			buildActionMask = 2147483647;
			files = (
				167BEC6023438E9D00035FB9 /* Lab6Teht1UITests.swift in Sources */,
			);
			runOnlyForDeploymentPostprocessing = 0;
		};
/* End PBXSourcesBuildPhase section */

/* Begin PBXTargetDependency section */
		167BEC5223438E9D00035FB9 /* PBXTargetDependency */ = {
			isa = PBXTargetDependency;
			target = 167BEC3B23438E9800035FB9 /* Lab6Teht1 */;
			targetProxy = 167BEC5123438E9D00035FB9 /* PBXContainerItemProxy */;
		};
		167BEC5D23438E9D00035FB9 /* PBXTargetDependency */ = {
			isa = PBXTargetDependency;
			target = 167BEC3B23438E9800035FB9 /* Lab6Teht1 */;
			targetProxy = 167BEC5C23438E9D00035FB9 /* PBXContainerItemProxy */;
		};
/* End PBXTargetDependency section */

/* Begin PBXVariantGroup section */
		167BEC4323438E9800035FB9 /* Main.storyboard */ = {
			isa = PBXVariantGroup;
			children = (
				167BEC4423438E9800035FB9 /* Base */,
			);
			name = Main.storyboard;
			sourceTree = "<group>";
		};
		167BEC4823438E9D00035FB9 /* LaunchScreen.storyboard */ = {
			isa = PBXVariantGroup;
			children = (
				167BEC4923438E9D00035FB9 /* Base */,
			);
			name = LaunchScreen.storyboard;
			sourceTree = "<group>";
		};
/* End PBXVariantGroup section */

/* Begin XCBuildConfiguration section */
		167BEC6223438E9D00035FB9 /* Debug */ = {
			isa = XCBuildConfiguration;
			buildSettings = {
				ALWAYS_SEARCH_USER_PATHS = NO;
				CLANG_ANALYZER_NONNULL = YES;
				CLANG_ANALYZER_NUMBER_OBJECT_CONVERSION = YES_AGGRESSIVE;
				CLANG_CXX_LANGUAGE_STANDARD = "gnu++14";
				CLANG_CXX_LIBRARY = "libc++";
				CLANG_ENABLE_MODULES = YES;
				CLANG_ENABLE_OBJC_ARC = YES;
				CLANG_ENABLE_OBJC_WEAK = YES;
				CLANG_WARN_BLOCK_CAPTURE_AUTORELEASING = YES;
				CLANG_WARN_BOOL_CONVERSION = YES;
				CLANG_WARN_COMMA = YES;
				CLANG_WARN_CONSTANT_CONVERSION = YES;
				CLANG_WARN_DEPRECATED_OBJC_IMPLEMENTATIONS = YES;
				CLANG_WARN_DIRECT_OBJC_ISA_USAGE = YES_ERROR;
				CLANG_WARN_DOCUMENTATION_COMMENTS = YES;
				CLANG_WARN_EMPTY_BODY = YES;
				CLANG_WARN_ENUM_CONVERSION = YES;
				CLANG_WARN_INFINITE_RECURSION = YES;
				CLANG_WARN_INT_CONVERSION = YES;
				CLANG_WARN_NON_LITERAL_NULL_CONVERSION = YES;
				CLANG_WARN_OBJC_IMPLICIT_RETAIN_SELF = YES;
				CLANG_WARN_OBJC_LITERAL_CONVERSION = YES;
				CLANG_WARN_OBJC_ROOT_CLASS = YES_ERROR;
				CLANG_WARN_RANGE_LOOP_ANALYSIS = YES;
				CLANG_WARN_STRICT_PROTOTYPES = YES;
				CLANG_WARN_SUSPICIOUS_MOVE = YES;
				CLANG_WARN_UNGUARDED_AVAILABILITY = YES_AGGRESSIVE;
				CLANG_WARN_UNREACHABLE_CODE = YES;
				CLANG_WARN__DUPLICATE_METHOD_MATCH = YES;
				CODE_SIGN_IDENTITY = "iPhone Developer";
				COPY_PHASE_STRIP = NO;
				DEBUG_INFORMATION_FORMAT = dwarf;
				ENABLE_STRICT_OBJC_MSGSEND = YES;
				ENABLE_TESTABILITY = YES;
				GCC_C_LANGUAGE_STANDARD = gnu11;
				GCC_DYNAMIC_NO_PIC = NO;
				GCC_NO_COMMON_BLOCKS = YES;
				GCC_OPTIMIZATION_LEVEL = 0;
				GCC_PREPROCESSOR_DEFINITIONS = (
					"DEBUG=1",
					"$(inherited)",
				);
				GCC_WARN_64_TO_32_BIT_CONVERSION = YES;
				GCC_WARN_ABOUT_RETURN_TYPE = YES_ERROR;
				GCC_WARN_UNDECLARED_SELECTOR = YES;
				GCC_WARN_UNINITIALIZED_AUTOS = YES_AGGRESSIVE;
				GCC_WARN_UNUSED_FUNCTION = YES;
				GCC_WARN_UNUSED_VARIABLE = YES;
				IPHONEOS_DEPLOYMENT_TARGET = 12.4;
				MTL_ENABLE_DEBUG_INFO = INCLUDE_SOURCE;
				MTL_FAST_MATH = YES;
				ONLY_ACTIVE_ARCH = YES;
				SDKROOT = iphoneos;
				SWIFT_ACTIVE_COMPILATION_CONDITIONS = DEBUG;
				SWIFT_OPTIMIZATION_LEVEL = "-Onone";
			};
			name = Debug;
		};
		167BEC6323438E9D00035FB9 /* Release */ = {
			isa = XCBuildConfiguration;
			buildSettings = {
				ALWAYS_SEARCH_USER_PATHS = NO;
				CLANG_ANALYZER_NONNULL = YES;
				CLANG_ANALYZER_NUMBER_OBJECT_CONVERSION = YES_AGGRESSIVE;
				CLANG_CXX_LANGUAGE_STANDARD = "gnu++14";
				CLANG_CXX_LIBRARY = "libc++";
				CLANG_ENABLE_MODULES = YES;
				CLANG_ENABLE_OBJC_ARC = YES;
				CLANG_ENABLE_OBJC_WEAK = YES;
				CLANG_WARN_BLOCK_CAPTURE_AUTORELEASING = YES;
				CLANG_WARN_BOOL_CONVERSION = YES;
				CLANG_WARN_COMMA = YES;
				CLANG_WARN_CONSTANT_CONVERSION = YES;
				CLANG_WARN_DEPRECATED_OBJC_IMPLEMENTATIONS = YES;
				CLANG_WARN_DIRECT_OBJC_ISA_USAGE = YES_ERROR;
				CLANG_WARN_DOCUMENTATION_COMMENTS = YES;
				CLANG_WARN_EMPTY_BODY = YES;
				CLANG_WARN_ENUM_CONVERSION = YES;
				CLANG_WARN_INFINITE_RECURSION = YES;
				CLANG_WARN_INT_CONVERSION = YES;
				CLANG_WARN_NON_LITERAL_NULL_CONVERSION = YES;
				CLANG_WARN_OBJC_IMPLICIT_RETAIN_SELF = YES;
				CLANG_WARN_OBJC_LITERAL_CONVERSION = YES;
				CLANG_WARN_OBJC_ROOT_CLASS = YES_ERROR;
				CLANG_WARN_RANGE_LOOP_ANALYSIS = YES;
				CLANG_WARN_STRICT_PROTOTYPES = YES;
				CLANG_WARN_SUSPICIOUS_MOVE = YES;
				CLANG_WARN_UNGUARDED_AVAILABILITY = YES_AGGRESSIVE;
				CLANG_WARN_UNREACHABLE_CODE = YES;
				CLANG_WARN__DUPLICATE_METHOD_MATCH = YES;
				CODE_SIGN_IDENTITY = "iPhone Developer";
				COPY_PHASE_STRIP = NO;
				DEBUG_INFORMATION_FORMAT = "dwarf-with-dsym";
				ENABLE_NS_ASSERTIONS = NO;
				ENABLE_STRICT_OBJC_MSGSEND = YES;
				GCC_C_LANGUAGE_STANDARD = gnu11;
				GCC_NO_COMMON_BLOCKS = YES;
				GCC_WARN_64_TO_32_BIT_CONVERSION = YES;
				GCC_WARN_ABOUT_RETURN_TYPE = YES_ERROR;
				GCC_WARN_UNDECLARED_SELECTOR = YES;
				GCC_WARN_UNINITIALIZED_AUTOS = YES_AGGRESSIVE;
				GCC_WARN_UNUSED_FUNCTION = YES;
				GCC_WARN_UNUSED_VARIABLE = YES;
				IPHONEOS_DEPLOYMENT_TARGET = 12.4;
				MTL_ENABLE_DEBUG_INFO = NO;
				MTL_FAST_MATH = YES;
				SDKROOT = iphoneos;
				SWIFT_COMPILATION_MODE = wholemodule;
				SWIFT_OPTIMIZATION_LEVEL = "-O";
				VALIDATE_PRODUCT = YES;
			};
			name = Release;
		};
		167BEC6523438E9D00035FB9 /* Debug */ = {
			isa = XCBuildConfiguration;
			buildSettings = {
				ASSETCATALOG_COMPILER_APPICON_NAME = AppIcon;
				CODE_SIGN_STYLE = Automatic;
				INFOPLIST_FILE = Lab6Teht1/Info.plist;
				LD_RUNPATH_SEARCH_PATHS = (
					"$(inherited)",
					"@executable_path/Frameworks",
				);
				PRODUCT_BUNDLE_IDENTIFIER = com.oamk.jannetyni.Lab6Teht1;
				PRODUCT_NAME = "$(TARGET_NAME)";
				SWIFT_VERSION = 5.0;
				TARGETED_DEVICE_FAMILY = "1,2";
			};
			name = Debug;
		};
		167BEC6623438E9D00035FB9 /* Release */ = {
			isa = XCBuildConfiguration;
			buildSettings = {
				ASSETCATALOG_COMPILER_APPICON_NAME = AppIcon;
				CODE_SIGN_STYLE = Automatic;
				INFOPLIST_FILE = Lab6Teht1/Info.plist;
				LD_RUNPATH_SEARCH_PATHS = (
					"$(inherited)",
					"@executable_path/Frameworks",
				);
				PRODUCT_BUNDLE_IDENTIFIER = com.oamk.jannetyni.Lab6Teht1;
				PRODUCT_NAME = "$(TARGET_NAME)";
				SWIFT_VERSION = 5.0;
				TARGETED_DEVICE_FAMILY = "1,2";
			};
			name = Release;
		};
		167BEC6823438E9D00035FB9 /* Debug */ = {
			isa = XCBuildConfiguration;
			buildSettings = {
				ALWAYS_EMBED_SWIFT_STANDARD_LIBRARIES = YES;
				BUNDLE_LOADER = "$(TEST_HOST)";
				CODE_SIGN_STYLE = Automatic;
				INFOPLIST_FILE = Lab6Teht1Tests/Info.plist;
				LD_RUNPATH_SEARCH_PATHS = (
					"$(inherited)",
					"@executable_path/Frameworks",
					"@loader_path/Frameworks",
				);
				PRODUCT_BUNDLE_IDENTIFIER = com.oamk.jannetyni.Lab6Teht1Tests;
				PRODUCT_NAME = "$(TARGET_NAME)";
				SWIFT_VERSION = 5.0;
				TARGETED_DEVICE_FAMILY = "1,2";
				TEST_HOST = "$(BUILT_PRODUCTS_DIR)/Lab6Teht1.app/Lab6Teht1";
			};
			name = Debug;
		};
		167BEC6923438E9D00035FB9 /* Release */ = {
			isa = XCBuildConfiguration;
			buildSettings = {
				ALWAYS_EMBED_SWIFT_STANDARD_LIBRARIES = YES;
				BUNDLE_LOADER = "$(TEST_HOST)";
				CODE_SIGN_STYLE = Automatic;
				INFOPLIST_FILE = Lab6Teht1Tests/Info.plist;
				LD_RUNPATH_SEARCH_PATHS = (
					"$(inherited)",
					"@executable_path/Frameworks",
					"@loader_path/Frameworks",
				);
				PRODUCT_BUNDLE_IDENTIFIER = com.oamk.jannetyni.Lab6Teht1Tests;
				PRODUCT_NAME = "$(TARGET_NAME)";
				SWIFT_VERSION = 5.0;
				TARGETED_DEVICE_FAMILY = "1,2";
				TEST_HOST = "$(BUILT_PRODUCTS_DIR)/Lab6Teht1.app/Lab6Teht1";
			};
			name = Release;
		};
		167BEC6B23438E9D00035FB9 /* Debug */ = {
			isa = XCBuildConfiguration;
			buildSettings = {
				ALWAYS_EMBED_SWIFT_STANDARD_LIBRARIES = YES;
				CODE_SIGN_STYLE = Automatic;
				INFOPLIST_FILE = Lab6Teht1UITests/Info.plist;
				LD_RUNPATH_SEARCH_PATHS = (
					"$(inherited)",
					"@executable_path/Frameworks",
					"@loader_path/Frameworks",
				);
				PRODUCT_BUNDLE_IDENTIFIER = com.oamk.jannetyni.Lab6Teht1UITests;
				PRODUCT_NAME = "$(TARGET_NAME)";
				SWIFT_VERSION = 5.0;
				TARGETED_DEVICE_FAMILY = "1,2";
				TEST_TARGET_NAME = Lab6Teht1;
			};
			name = Debug;
		};
		167BEC6C23438E9D00035FB9 /* Release */ = {
			isa = XCBuildConfiguration;
			buildSettings = {
				ALWAYS_EMBED_SWIFT_STANDARD_LIBRARIES = YES;
				CODE_SIGN_STYLE = Automatic;
				INFOPLIST_FILE = Lab6Teht1UITests/Info.plist;
				LD_RUNPATH_SEARCH_PATHS = (
					"$(inherited)",
					"@executable_path/Frameworks",
					"@loader_path/Frameworks",
				);
				PRODUCT_BUNDLE_IDENTIFIER = com.oamk.jannetyni.Lab6Teht1UITests;
				PRODUCT_NAME = "$(TARGET_NAME)";
				SWIFT_VERSION = 5.0;
				TARGETED_DEVICE_FAMILY = "1,2";
				TEST_TARGET_NAME = Lab6Teht1;
			};
			name = Release;
		};
/* End XCBuildConfiguration section */

/* Begin XCConfigurationList section */
		167BEC3723438E9800035FB9 /* Build configuration list for PBXProject "Lab6Teht1" */ = {
			isa = XCConfigurationList;
			buildConfigurations = (
				167BEC6223438E9D00035FB9 /* Debug */,
				167BEC6323438E9D00035FB9 /* Release */,
			);
			defaultConfigurationIsVisible = 0;
			defaultConfigurationName = Release;
		};
		167BEC6423438E9D00035FB9 /* Build configuration list for PBXNativeTarget "Lab6Teht1" */ = {
			isa = XCConfigurationList;
			buildConfigurations = (
				167BEC6523438E9D00035FB9 /* Debug */,
				167BEC6623438E9D00035FB9 /* Release */,
			);
			defaultConfigurationIsVisible = 0;
			defaultConfigurationName = Release;
		};
		167BEC6723438E9D00035FB9 /* Build configuration list for PBXNativeTarget "Lab6Teht1Tests" */ = {
			isa = XCConfigurationList;
			buildConfigurations = (
				167BEC6823438E9D00035FB9 /* Debug */,
				167BEC6923438E9D00035FB9 /* Release */,
			);
			defaultConfigurationIsVisible = 0;
			defaultConfigurationName = Release;
		};
		167BEC6A23438E9D00035FB9 /* Build configuration list for PBXNativeTarget "Lab6Teht1UITests" */ = {
			isa = XCConfigurationList;
			buildConfigurations = (
				167BEC6B23438E9D00035FB9 /* Debug */,
				167BEC6C23438E9D00035FB9 /* Release */,
			);
			defaultConfigurationIsVisible = 0;
			defaultConfigurationName = Release;
		};
/* End XCConfigurationList section */
	};
	rootObject = 167BEC3423438E9800035FB9 /* Project object */;
}
